
Microsoft Visual Studio Solution File, Format Version 12.00
# Visual Studio Version 17
VisualStudioVersion = 17.0.31612.314
MinimumVisualStudioVersion = 10.0.40219.1
Project("{FAE04EC0-301F-11D3-BF4B-00C04F79EFBC}") = "calculadora", "calculadora\calculadora.csproj", "{D0D74CCA-A76C-4813-AFD8-F82D0EDC5429}"
EndProject
Global
	GlobalSection(SolutionConfigurationPlatforms) = preSolution
		Debug|Any CPU = Debug|Any CPU
		Release|Any CPU = Release|Any CPU
	EndGlobalSection
	GlobalSection(ProjectConfigurationPlatforms) = postSolution
		{D0D74CCA-A76C-4813-AFD8-F82D0EDC5429}.Debug|Any CPU.ActiveCfg = Debug|Any CPU
		{D0D74CCA-A76C-4813-AFD8-F82D0EDC5429}.Debug|Any CPU.Build.0 = Debug|Any CPU
		{D0D74CCA-A76C-4813-AFD8-F82D0EDC5429}.Release|Any CPU.ActiveCfg = Release|Any CPU
		{D0D74CCA-A76C-4813-AFD8-F82D0EDC5429}.Release|Any CPU.Build.0 = Release|Any CPU
	EndGlobalSection
	GlobalSection(SolutionProperties) = preSolution
		HideSolutionNode = FALSE
	EndGlobalSection
	GlobalSection(ExtensibilityGlobals) = postSolution
		SolutionGuid = {55511451-6717-4CDC-9C1A-34EA5D1BBE2A}
	EndGlobalSection
EndGlobal
